
Microsoft Visual Studio Solution File, Format Version 12.00
Project("{2150E333-8FDC-42A3-9474-1A3956D46DE8}") = "src", "src", "{2A5057EA-4257-4B9C-9D8C-B22B110E0180}"
EndProject
Project("{2150E333-8FDC-42A3-9474-1A3956D46DE8}") = "tests", "tests", "{BB676E28-2C28-4794-A707-2C35A61EEB2A}"
EndProject
Project("{FAE04EC0-301F-11D3-BF4B-00C04F79EFBC}") = "ThisWarOfMine.Domain", "src\ThisWarOfMine.Domain\ThisWarOfMine.Domain.csproj", "{DFD8953A-4F33-470E-A099-72FE4597AA30}"
EndProject
Project("{FAE04EC0-301F-11D3-BF4B-00C04F79EFBC}") = "ThisWarOfMine.Splitter", "src\ThisWarOfMine.Splitter\ThisWarOfMine.Splitter.csproj", "{7372F4F3-4798-480E-852B-CDA923278070}"
EndProject
Project("{FAE04EC0-301F-11D3-BF4B-00C04F79EFBC}") = "ThisWarOfMine.Splitter.UnitTests", "tests\ThisWarOfMine.Splitter.UnitTests\ThisWarOfMine.Splitter.UnitTests.csproj", "{5D92DBB1-93DC-4DA6-AC36-25FE6F35FD14}"
EndProject
Project("{FAE04EC0-301F-11D3-BF4B-00C04F79EFBC}") = "ThisWarOfMine.Infrastructure", "src\ThisWarOfMine.Infrastructure\ThisWarOfMine.Infrastructure.csproj", "{C1D659CE-758B-4463-8818-823750E3E7C3}"
EndProject
Project("{FAE04EC0-301F-11D3-BF4B-00C04F79EFBC}") = "ThisWarOfMine.Common", "src\ThisWarOfMine.Common\ThisWarOfMine.Common.csproj", "{9AF79534-EFC5-440C-852D-A38F9B1F5257}"
EndProject
Project("{FAE04EC0-301F-11D3-BF4B-00C04F79EFBC}") = "ThisWarOfMine.AlternativeEnricher", "src\ThisWarOfMine.AlternativeEnricher\ThisWarOfMine.AlternativeEnricher.csproj", "{25C4F026-32A0-4DBA-8B60-8932EFF5E169}"
EndProject
Project("{FAE04EC0-301F-11D3-BF4B-00C04F79EFBC}") = "ThisWarOfMine.Infrastructure.Telegram", "src\ThisWarOfMine.Infrastructure.Telegram\ThisWarOfMine.Infrastructure.Telegram.csproj", "{61B1A039-9FCB-4178-A627-9773A360F73A}"
EndProject
Project("{FAE04EC0-301F-11D3-BF4B-00C04F79EFBC}") = "ThisWarOfMine.Worker.Telegram", "src\ThisWarOfMine.Worker.Telegram\ThisWarOfMine.Worker.Telegram.csproj", "{E7C2CCFD-EFA0-437C-914F-B7AC83F161D2}"
EndProject
Project("{2150E333-8FDC-42A3-9474-1A3956D46DE8}") = "Telegram", "Telegram", "{7A5F618E-54AE-4410-992A-7B1304806F7F}"
EndProject
Project("{FAE04EC0-301F-11D3-BF4B-00C04F79EFBC}") = "ThisWarOfMine.Application.Telegram", "src\ThisWarOfMine.Application.Telegram\ThisWarOfMine.Application.Telegram.csproj", "{6315F7C2-DF07-423B-AEED-0D70B2CDC4C7}"
EndProject
Global
	GlobalSection(SolutionConfigurationPlatforms) = preSolution
		Debug|Any CPU = Debug|Any CPU
		Release|Any CPU = Release|Any CPU
	EndGlobalSection
	GlobalSection(ProjectConfigurationPlatforms) = postSolution
		{DFD8953A-4F33-470E-A099-72FE4597AA30}.Debug|Any CPU.ActiveCfg = Debug|Any CPU
		{DFD8953A-4F33-470E-A099-72FE4597AA30}.Debug|Any CPU.Build.0 = Debug|Any CPU
		{DFD8953A-4F33-470E-A099-72FE4597AA30}.Release|Any CPU.ActiveCfg = Release|Any CPU
		{DFD8953A-4F33-470E-A099-72FE4597AA30}.Release|Any CPU.Build.0 = Release|Any CPU
		{7372F4F3-4798-480E-852B-CDA923278070}.Debug|Any CPU.ActiveCfg = Debug|Any CPU
		{7372F4F3-4798-480E-852B-CDA923278070}.Debug|Any CPU.Build.0 = Debug|Any CPU
		{7372F4F3-4798-480E-852B-CDA923278070}.Release|Any CPU.ActiveCfg = Release|Any CPU
		{7372F4F3-4798-480E-852B-CDA923278070}.Release|Any CPU.Build.0 = Release|Any CPU
		{5D92DBB1-93DC-4DA6-AC36-25FE6F35FD14}.Debug|Any CPU.ActiveCfg = Debug|Any CPU
		{5D92DBB1-93DC-4DA6-AC36-25FE6F35FD14}.Debug|Any CPU.Build.0 = Debug|Any CPU
		{5D92DBB1-93DC-4DA6-AC36-25FE6F35FD14}.Release|Any CPU.ActiveCfg = Release|Any CPU
		{5D92DBB1-93DC-4DA6-AC36-25FE6F35FD14}.Release|Any CPU.Build.0 = Release|Any CPU
		{C1D659CE-758B-4463-8818-823750E3E7C3}.Debug|Any CPU.ActiveCfg = Debug|Any CPU
		{C1D659CE-758B-4463-8818-823750E3E7C3}.Debug|Any CPU.Build.0 = Debug|Any CPU
		{C1D659CE-758B-4463-8818-823750E3E7C3}.Release|Any CPU.ActiveCfg = Release|Any CPU
		{C1D659CE-758B-4463-8818-823750E3E7C3}.Release|Any CPU.Build.0 = Release|Any CPU
		{9AF79534-EFC5-440C-852D-A38F9B1F5257}.Debug|Any CPU.ActiveCfg = Debug|Any CPU
		{9AF79534-EFC5-440C-852D-A38F9B1F5257}.Debug|Any CPU.Build.0 = Debug|Any CPU
		{9AF79534-EFC5-440C-852D-A38F9B1F5257}.Release|Any CPU.ActiveCfg = Release|Any CPU
		{9AF79534-EFC5-440C-852D-A38F9B1F5257}.Release|Any CPU.Build.0 = Release|Any CPU
		{25C4F026-32A0-4DBA-8B60-8932EFF5E169}.Debug|Any CPU.ActiveCfg = Debug|Any CPU
		{25C4F026-32A0-4DBA-8B60-8932EFF5E169}.Debug|Any CPU.Build.0 = Debug|Any CPU
		{25C4F026-32A0-4DBA-8B60-8932EFF5E169}.Release|Any CPU.ActiveCfg = Release|Any CPU
		{25C4F026-32A0-4DBA-8B60-8932EFF5E169}.Release|Any CPU.Build.0 = Release|Any CPU
		{61B1A039-9FCB-4178-A627-9773A360F73A}.Debug|Any CPU.ActiveCfg = Debug|Any CPU
		{61B1A039-9FCB-4178-A627-9773A360F73A}.Debug|Any CPU.Build.0 = Debug|Any CPU
		{61B1A039-9FCB-4178-A627-9773A360F73A}.Release|Any CPU.ActiveCfg = Release|Any CPU
		{61B1A039-9FCB-4178-A627-9773A360F73A}.Release|Any CPU.Build.0 = Release|Any CPU
		{E7C2CCFD-EFA0-437C-914F-B7AC83F161D2}.Debug|Any CPU.ActiveCfg = Debug|Any CPU
		{E7C2CCFD-EFA0-437C-914F-B7AC83F161D2}.Debug|Any CPU.Build.0 = Debug|Any CPU
		{E7C2CCFD-EFA0-437C-914F-B7AC83F161D2}.Release|Any CPU.ActiveCfg = Release|Any CPU
		{E7C2CCFD-EFA0-437C-914F-B7AC83F161D2}.Release|Any CPU.Build.0 = Release|Any CPU
		{6315F7C2-DF07-423B-AEED-0D70B2CDC4C7}.Debug|Any CPU.ActiveCfg = Debug|Any CPU
		{6315F7C2-DF07-423B-AEED-0D70B2CDC4C7}.Debug|Any CPU.Build.0 = Debug|Any CPU
		{6315F7C2-DF07-423B-AEED-0D70B2CDC4C7}.Release|Any CPU.ActiveCfg = Release|Any CPU
		{6315F7C2-DF07-423B-AEED-0D70B2CDC4C7}.Release|Any CPU.Build.0 = Release|Any CPU
	EndGlobalSection
	GlobalSection(NestedProjects) = preSolution
		{DFD8953A-4F33-470E-A099-72FE4597AA30} = {2A5057EA-4257-4B9C-9D8C-B22B110E0180}
		{7372F4F3-4798-480E-852B-CDA923278070} = {2A5057EA-4257-4B9C-9D8C-B22B110E0180}
		{5D92DBB1-93DC-4DA6-AC36-25FE6F35FD14} = {BB676E28-2C28-4794-A707-2C35A61EEB2A}
		{C1D659CE-758B-4463-8818-823750E3E7C3} = {2A5057EA-4257-4B9C-9D8C-B22B110E0180}
		{9AF79534-EFC5-440C-852D-A38F9B1F5257} = {2A5057EA-4257-4B9C-9D8C-B22B110E0180}
		{25C4F026-32A0-4DBA-8B60-8932EFF5E169} = {2A5057EA-4257-4B9C-9D8C-B22B110E0180}
		{7A5F618E-54AE-4410-992A-7B1304806F7F} = {2A5057EA-4257-4B9C-9D8C-B22B110E0180}
		{61B1A039-9FCB-4178-A627-9773A360F73A} = {7A5F618E-54AE-4410-992A-7B1304806F7F}
		{E7C2CCFD-EFA0-437C-914F-B7AC83F161D2} = {7A5F618E-54AE-4410-992A-7B1304806F7F}
		{6315F7C2-DF07-423B-AEED-0D70B2CDC4C7} = {7A5F618E-54AE-4410-992A-7B1304806F7F}
	EndGlobalSection
EndGlobal
