
Microsoft Visual Studio Solution File, Format Version 12.00
Project("{FAE04EC0-301F-11D3-BF4B-00C04F79EFBC}") = "ThisWarOfMine.Spitter", "ThisWarOfMine.Spitter\ThisWarOfMine.Spitter.csproj", "{280979BB-431A-4ACF-9083-DB927E1273E0}"
EndProject
Global
	GlobalSection(SolutionConfigurationPlatforms) = preSolution
		Debug|Any CPU = Debug|Any CPU
		Release|Any CPU = Release|Any CPU
	EndGlobalSection
	GlobalSection(ProjectConfigurationPlatforms) = postSolution
		{280979BB-431A-4ACF-9083-DB927E1273E0}.Debug|Any CPU.ActiveCfg = Debug|Any CPU
		{280979BB-431A-4ACF-9083-DB927E1273E0}.Debug|Any CPU.Build.0 = Debug|Any CPU
		{280979BB-431A-4ACF-9083-DB927E1273E0}.Release|Any CPU.ActiveCfg = Release|Any CPU
		{280979BB-431A-4ACF-9083-DB927E1273E0}.Release|Any CPU.Build.0 = Release|Any CPU
	EndGlobalSection
EndGlobal
